
Microsoft Visual Studio Solution File, Format Version 12.00
# Visual Studio Version 17
VisualStudioVersion = 17.3.32825.248
MinimumVisualStudioVersion = 10.0.40219.1
Project("{FAE04EC0-301F-11D3-BF4B-00C04F79EFBC}") = "dataTable", "dataTable\dataTable.csproj", "{5DE877C3-E103-4E74-8B2E-C562DDEAB7E6}"
EndProject
Global
	GlobalSection(SolutionConfigurationPlatforms) = preSolution
		Debug|Any CPU = Debug|Any CPU
		Release|Any CPU = Release|Any CPU
	EndGlobalSection
	GlobalSection(ProjectConfigurationPlatforms) = postSolution
		{5DE877C3-E103-4E74-8B2E-C562DDEAB7E6}.Debug|Any CPU.ActiveCfg = Debug|Any CPU
		{5DE877C3-E103-4E74-8B2E-C562DDEAB7E6}.Debug|Any CPU.Build.0 = Debug|Any CPU
		{5DE877C3-E103-4E74-8B2E-C562DDEAB7E6}.Release|Any CPU.ActiveCfg = Release|Any CPU
		{5DE877C3-E103-4E74-8B2E-C562DDEAB7E6}.Release|Any CPU.Build.0 = Release|Any CPU
	EndGlobalSection
	GlobalSection(SolutionProperties) = preSolution
		HideSolutionNode = FALSE
	EndGlobalSection
	GlobalSection(ExtensibilityGlobals) = postSolution
		SolutionGuid = {CDF5D562-FB04-4F67-93FE-589A7B3FE6C1}
	EndGlobalSection
EndGlobal
